
Microsoft Visual Studio Solution File, Format Version 12.00
# Visual Studio Version 16
VisualStudioVersion = 16.0.29911.84
MinimumVisualStudioVersion = 10.0.40219.1
Project("{FAE04EC0-301F-11D3-BF4B-00C04F79EFBC}") = "day4", "day4\day4.csproj", "{215D2D34-62D2-4167-98B3-CE6A7E81033B}"
EndProject
Project("{FAE04EC0-301F-11D3-BF4B-00C04F79EFBC}") = "day4.DAL", "day4.DAL\day4.DAL.csproj", "{B729EC19-1643-4B71-A632-C2723E9C7FC9}"
EndProject
Project("{FAE04EC0-301F-11D3-BF4B-00C04F79EFBC}") = "day4.Model", "day4.Model\day4.Model.csproj", "{1452A8F9-AF8E-4197-AA6E-AFC307791D95}"
EndProject
Project("{FAE04EC0-301F-11D3-BF4B-00C04F79EFBC}") = "day4.Repository", "day4.Repository\day4.Repository.csproj", "{134B37B0-1587-414C-A313-39EABFFA21DC}"
EndProject
Project("{FAE04EC0-301F-11D3-BF4B-00C04F79EFBC}") = "day4.Service", "day4.Service\day4.Service.csproj", "{FB3B8D96-6CB5-4C28-94E2-5FDC277C55CF}"
EndProject
Project("{FAE04EC0-301F-11D3-BF4B-00C04F79EFBC}") = "day4.WebApi", "day4.WebApi\day4.WebApi.csproj", "{3F966D22-2720-450C-A6FD-0552E9F1E7AF}"
EndProject
Global
	GlobalSection(SolutionConfigurationPlatforms) = preSolution
		Debug|Any CPU = Debug|Any CPU
		Release|Any CPU = Release|Any CPU
	EndGlobalSection
	GlobalSection(ProjectConfigurationPlatforms) = postSolution
		{215D2D34-62D2-4167-98B3-CE6A7E81033B}.Debug|Any CPU.ActiveCfg = Debug|Any CPU
		{215D2D34-62D2-4167-98B3-CE6A7E81033B}.Debug|Any CPU.Build.0 = Debug|Any CPU
		{215D2D34-62D2-4167-98B3-CE6A7E81033B}.Release|Any CPU.ActiveCfg = Release|Any CPU
		{215D2D34-62D2-4167-98B3-CE6A7E81033B}.Release|Any CPU.Build.0 = Release|Any CPU
		{B729EC19-1643-4B71-A632-C2723E9C7FC9}.Debug|Any CPU.ActiveCfg = Debug|Any CPU
		{B729EC19-1643-4B71-A632-C2723E9C7FC9}.Debug|Any CPU.Build.0 = Debug|Any CPU
		{B729EC19-1643-4B71-A632-C2723E9C7FC9}.Release|Any CPU.ActiveCfg = Release|Any CPU
		{B729EC19-1643-4B71-A632-C2723E9C7FC9}.Release|Any CPU.Build.0 = Release|Any CPU
		{1452A8F9-AF8E-4197-AA6E-AFC307791D95}.Debug|Any CPU.ActiveCfg = Debug|Any CPU
		{1452A8F9-AF8E-4197-AA6E-AFC307791D95}.Debug|Any CPU.Build.0 = Debug|Any CPU
		{1452A8F9-AF8E-4197-AA6E-AFC307791D95}.Release|Any CPU.ActiveCfg = Release|Any CPU
		{1452A8F9-AF8E-4197-AA6E-AFC307791D95}.Release|Any CPU.Build.0 = Release|Any CPU
		{134B37B0-1587-414C-A313-39EABFFA21DC}.Debug|Any CPU.ActiveCfg = Debug|Any CPU
		{134B37B0-1587-414C-A313-39EABFFA21DC}.Debug|Any CPU.Build.0 = Debug|Any CPU
		{134B37B0-1587-414C-A313-39EABFFA21DC}.Release|Any CPU.ActiveCfg = Release|Any CPU
		{134B37B0-1587-414C-A313-39EABFFA21DC}.Release|Any CPU.Build.0 = Release|Any CPU
		{FB3B8D96-6CB5-4C28-94E2-5FDC277C55CF}.Debug|Any CPU.ActiveCfg = Debug|Any CPU
		{FB3B8D96-6CB5-4C28-94E2-5FDC277C55CF}.Debug|Any CPU.Build.0 = Debug|Any CPU
		{FB3B8D96-6CB5-4C28-94E2-5FDC277C55CF}.Release|Any CPU.ActiveCfg = Release|Any CPU
		{FB3B8D96-6CB5-4C28-94E2-5FDC277C55CF}.Release|Any CPU.Build.0 = Release|Any CPU
		{3F966D22-2720-450C-A6FD-0552E9F1E7AF}.Debug|Any CPU.ActiveCfg = Debug|Any CPU
		{3F966D22-2720-450C-A6FD-0552E9F1E7AF}.Debug|Any CPU.Build.0 = Debug|Any CPU
		{3F966D22-2720-450C-A6FD-0552E9F1E7AF}.Release|Any CPU.ActiveCfg = Release|Any CPU
		{3F966D22-2720-450C-A6FD-0552E9F1E7AF}.Release|Any CPU.Build.0 = Release|Any CPU
	EndGlobalSection
	GlobalSection(SolutionProperties) = preSolution
		HideSolutionNode = FALSE
	EndGlobalSection
	GlobalSection(ExtensibilityGlobals) = postSolution
		SolutionGuid = {9880943B-10FB-4D72-8F93-8413A1F70169}
	EndGlobalSection
EndGlobal
