
Microsoft Visual Studio Solution File, Format Version 12.00
# Visual Studio Version 16
VisualStudioVersion = 16.0.29911.84
MinimumVisualStudioVersion = 10.0.40219.1
Project("{FAE04EC0-301F-11D3-BF4B-00C04F79EFBC}") = "proba", "proba\proba.csproj", "{90C02740-5E8E-4754-8110-B16E75C0B897}"
EndProject
Global
	GlobalSection(SolutionConfigurationPlatforms) = preSolution
		Debug|Any CPU = Debug|Any CPU
		Release|Any CPU = Release|Any CPU
	EndGlobalSection
	GlobalSection(ProjectConfigurationPlatforms) = postSolution
		{90C02740-5E8E-4754-8110-B16E75C0B897}.Debug|Any CPU.ActiveCfg = Debug|Any CPU
		{90C02740-5E8E-4754-8110-B16E75C0B897}.Debug|Any CPU.Build.0 = Debug|Any CPU
		{90C02740-5E8E-4754-8110-B16E75C0B897}.Release|Any CPU.ActiveCfg = Release|Any CPU
		{90C02740-5E8E-4754-8110-B16E75C0B897}.Release|Any CPU.Build.0 = Release|Any CPU
	EndGlobalSection
	GlobalSection(SolutionProperties) = preSolution
		HideSolutionNode = FALSE
	EndGlobalSection
	GlobalSection(ExtensibilityGlobals) = postSolution
		SolutionGuid = {C8D8B387-E006-4C58-8F33-BF9FC1AC679D}
	EndGlobalSection
EndGlobal
