
Microsoft Visual Studio Solution File, Format Version 12.00
# Visual Studio Version 16
VisualStudioVersion = 16.0.29911.84
MinimumVisualStudioVersion = 10.0.40219.1
Project("{FAE04EC0-301F-11D3-BF4B-00C04F79EFBC}") = "WebApplication1", "WebApplication1\WebApplication1.csproj", "{9C298155-EDA4-4A94-82C4-A60274B5C18B}"
EndProject
Global
	GlobalSection(SolutionConfigurationPlatforms) = preSolution
		Debug|Any CPU = Debug|Any CPU
		Release|Any CPU = Release|Any CPU
	EndGlobalSection
	GlobalSection(ProjectConfigurationPlatforms) = postSolution
		{9C298155-EDA4-4A94-82C4-A60274B5C18B}.Debug|Any CPU.ActiveCfg = Debug|Any CPU
		{9C298155-EDA4-4A94-82C4-A60274B5C18B}.Debug|Any CPU.Build.0 = Debug|Any CPU
		{9C298155-EDA4-4A94-82C4-A60274B5C18B}.Release|Any CPU.ActiveCfg = Release|Any CPU
		{9C298155-EDA4-4A94-82C4-A60274B5C18B}.Release|Any CPU.Build.0 = Release|Any CPU
	EndGlobalSection
	GlobalSection(SolutionProperties) = preSolution
		HideSolutionNode = FALSE
	EndGlobalSection
	GlobalSection(ExtensibilityGlobals) = postSolution
		SolutionGuid = {F418E9E8-B0B6-4ADD-A5DE-288143A136C8}
	EndGlobalSection
EndGlobal
